{"1.1.0",
[{<<"gpb">>,{pkg,<<"gpb">>,<<"4.8.0">>},1},
 {<<"rebar3_gpb_plugin">>,{pkg,<<"rebar3_gpb_plugin">>,<<"2.10.0">>},0}]}.
[
{pkg_hash,[
 {<<"gpb">>, <<"2052E055887852BE628DD521CED202130CC3756804559FF020D4FB706D587BD4">>},
 {<<"rebar3_gpb_plugin">>, <<"CB80F39FB41D44854CF140D4292BABB146CE9B8EBB67376C2A05E23E7E5D7A4C">>}]}
].
