{"1.1.0",
[{<<"gpb">>,{pkg,<<"gpb">>,<<"4.4.0">>},1},
 {<<"rebar3_gpb_plugin">>,{pkg,<<"rebar3_gpb_plugin">>,<<"2.5.0">>},0}]}.
[
{pkg_hash,[
 {<<"gpb">>, <<"CFD81B167F804B5A3720D7867530F6700E54644284431E4E14E032139C205251">>},
 {<<"rebar3_gpb_plugin">>, <<"6D46E58CBAFA85C0D247B0FCC8F09791135960F556E88783E3FAEC60A6BD4FFD">>}]}
].
